
Microsoft Visual Studio Solution File, Format Version 12.00
# Visual Studio Version 17
VisualStudioVersion = 17.10.35122.118
MinimumVisualStudioVersion = 10.0.40219.1
Project("{FAE04EC0-301F-11D3-BF4B-00C04F79EFBC}") = "AuthSystem", "AuthSystem\AuthSystem.csproj", "{EA4960D5-57B9-4815-A2E8-D73C31A79335}"
EndProject
Global
	GlobalSection(SolutionConfigurationPlatforms) = preSolution
		Debug|Any CPU = Debug|Any CPU
		Release|Any CPU = Release|Any CPU
	EndGlobalSection
	GlobalSection(ProjectConfigurationPlatforms) = postSolution
		{EA4960D5-57B9-4815-A2E8-D73C31A79335}.Debug|Any CPU.ActiveCfg = Debug|Any CPU
		{EA4960D5-57B9-4815-A2E8-D73C31A79335}.Debug|Any CPU.Build.0 = Debug|Any CPU
		{EA4960D5-57B9-4815-A2E8-D73C31A79335}.Release|Any CPU.ActiveCfg = Release|Any CPU
		{EA4960D5-57B9-4815-A2E8-D73C31A79335}.Release|Any CPU.Build.0 = Release|Any CPU
	EndGlobalSection
	GlobalSection(SolutionProperties) = preSolution
		HideSolutionNode = FALSE
	EndGlobalSection
	GlobalSection(ExtensibilityGlobals) = postSolution
		SolutionGuid = {5B38DB97-A7AB-4E9D-A863-A4D8B9CFB020}
	EndGlobalSection
EndGlobal
